
Microsoft Visual Studio Solution File, Format Version 12.00
# Visual Studio Version 16
VisualStudioVersion = 16.0.30611.23
MinimumVisualStudioVersion = 10.0.40219.1
Project("{9A19103F-16F7-4668-BE54-9A1E7A4F7556}") = "UserPosts.Site", "UserPosts\UserPosts.Site.csproj", "{59F24CCD-A69F-4D32-8D69-D3312E5EF97E}"
EndProject
Project("{FAE04EC0-301F-11D3-BF4B-00C04F79EFBC}") = "UserPosts.Site.Tests", "UserPosts.Site.Tests\UserPosts.Site.Tests.csproj", "{1E334F83-44CA-420D-93E4-399DFA9B9521}"
EndProject
Project("{9A19103F-16F7-4668-BE54-9A1E7A4F7556}") = "UserPosts.Implementation", "UserPosts.Implementation\UserPosts.Implementation.csproj", "{82FEA709-985D-42AE-86D5-CB684F9F1353}"
EndProject
Global
	GlobalSection(SolutionConfigurationPlatforms) = preSolution
		Debug|Any CPU = Debug|Any CPU
		Release|Any CPU = Release|Any CPU
	EndGlobalSection
	GlobalSection(ProjectConfigurationPlatforms) = postSolution
		{59F24CCD-A69F-4D32-8D69-D3312E5EF97E}.Debug|Any CPU.ActiveCfg = Debug|Any CPU
		{59F24CCD-A69F-4D32-8D69-D3312E5EF97E}.Debug|Any CPU.Build.0 = Debug|Any CPU
		{59F24CCD-A69F-4D32-8D69-D3312E5EF97E}.Release|Any CPU.ActiveCfg = Release|Any CPU
		{59F24CCD-A69F-4D32-8D69-D3312E5EF97E}.Release|Any CPU.Build.0 = Release|Any CPU
		{1E334F83-44CA-420D-93E4-399DFA9B9521}.Debug|Any CPU.ActiveCfg = Debug|Any CPU
		{1E334F83-44CA-420D-93E4-399DFA9B9521}.Debug|Any CPU.Build.0 = Debug|Any CPU
		{1E334F83-44CA-420D-93E4-399DFA9B9521}.Release|Any CPU.ActiveCfg = Release|Any CPU
		{1E334F83-44CA-420D-93E4-399DFA9B9521}.Release|Any CPU.Build.0 = Release|Any CPU
		{82FEA709-985D-42AE-86D5-CB684F9F1353}.Debug|Any CPU.ActiveCfg = Debug|Any CPU
		{82FEA709-985D-42AE-86D5-CB684F9F1353}.Debug|Any CPU.Build.0 = Debug|Any CPU
		{82FEA709-985D-42AE-86D5-CB684F9F1353}.Release|Any CPU.ActiveCfg = Release|Any CPU
		{82FEA709-985D-42AE-86D5-CB684F9F1353}.Release|Any CPU.Build.0 = Release|Any CPU
	EndGlobalSection
	GlobalSection(SolutionProperties) = preSolution
		HideSolutionNode = FALSE
	EndGlobalSection
	GlobalSection(ExtensibilityGlobals) = postSolution
		SolutionGuid = {34012F10-D313-43F9-BCEE-B1CB80DAFD2F}
	EndGlobalSection
EndGlobal
